
Microsoft Visual Studio Solution File, Format Version 12.00
# Visual Studio Version 16
VisualStudioVersion = 16.0.32407.337
MinimumVisualStudioVersion = 10.0.40219.1
Project("{FAE04EC0-301F-11D3-BF4B-00C04F79EFBC}") = "Strings", "Strings\Strings.csproj", "{49735F49-6D54-4177-BAD4-6525E2BC6DC8}"
EndProject
Global
	GlobalSection(SolutionConfigurationPlatforms) = preSolution
		Debug|Any CPU = Debug|Any CPU
		Release|Any CPU = Release|Any CPU
	EndGlobalSection
	GlobalSection(ProjectConfigurationPlatforms) = postSolution
		{49735F49-6D54-4177-BAD4-6525E2BC6DC8}.Debug|Any CPU.ActiveCfg = Debug|Any CPU
		{49735F49-6D54-4177-BAD4-6525E2BC6DC8}.Debug|Any CPU.Build.0 = Debug|Any CPU
		{49735F49-6D54-4177-BAD4-6525E2BC6DC8}.Release|Any CPU.ActiveCfg = Release|Any CPU
		{49735F49-6D54-4177-BAD4-6525E2BC6DC8}.Release|Any CPU.Build.0 = Release|Any CPU
	EndGlobalSection
	GlobalSection(SolutionProperties) = preSolution
		HideSolutionNode = FALSE
	EndGlobalSection
	GlobalSection(ExtensibilityGlobals) = postSolution
		SolutionGuid = {6038934D-4D17-489C-B8EA-6F3730B3D145}
	EndGlobalSection
EndGlobal
